
Microsoft Visual Studio Solution File, Format Version 12.00
# Visual Studio 15
VisualStudioVersion = 15.0.28010.2016
MinimumVisualStudioVersion = 10.0.40219.1
Project("{888888A0-9F3D-457C-B088-3A5042F75D52}") = "proyectocontrol", "proyectocontrol\proyectocontrol.pyproj", "{EFAB4A9A-0DD1-4826-BC4D-281918D32989}"
EndProject
Global
	GlobalSection(SolutionConfigurationPlatforms) = preSolution
		Debug|Any CPU = Debug|Any CPU
		Release|Any CPU = Release|Any CPU
	EndGlobalSection
	GlobalSection(ProjectConfigurationPlatforms) = postSolution
		{EFAB4A9A-0DD1-4826-BC4D-281918D32989}.Debug|Any CPU.ActiveCfg = Debug|Any CPU
		{EFAB4A9A-0DD1-4826-BC4D-281918D32989}.Release|Any CPU.ActiveCfg = Release|Any CPU
	EndGlobalSection
	GlobalSection(SolutionProperties) = preSolution
		HideSolutionNode = FALSE
	EndGlobalSection
	GlobalSection(ExtensibilityGlobals) = postSolution
		SolutionGuid = {62F5DC73-D86E-4408-9E66-6C086EADF556}
	EndGlobalSection
EndGlobal
